
Microsoft Visual Studio Solution File, Format Version 12.00
# Visual Studio Version 16
VisualStudioVersion = 16.0.31729.503
MinimumVisualStudioVersion = 10.0.40219.1
Project("{8BC9CEB8-8B4A-11D0-8D11-00A0C91BC942}") = "lab 6.3(iter) 2", "lab 6.3(iter) 2\lab 6.3(iter) 2.vcxproj", "{5542541E-5367-4F33-9D9D-E6635A62D66B}"
EndProject
Global
	GlobalSection(SolutionConfigurationPlatforms) = preSolution
		Debug|x64 = Debug|x64
		Debug|x86 = Debug|x86
		Release|x64 = Release|x64
		Release|x86 = Release|x86
	EndGlobalSection
	GlobalSection(ProjectConfigurationPlatforms) = postSolution
		{5542541E-5367-4F33-9D9D-E6635A62D66B}.Debug|x64.ActiveCfg = Debug|x64
		{5542541E-5367-4F33-9D9D-E6635A62D66B}.Debug|x64.Build.0 = Debug|x64
		{5542541E-5367-4F33-9D9D-E6635A62D66B}.Debug|x86.ActiveCfg = Debug|Win32
		{5542541E-5367-4F33-9D9D-E6635A62D66B}.Debug|x86.Build.0 = Debug|Win32
		{5542541E-5367-4F33-9D9D-E6635A62D66B}.Release|x64.ActiveCfg = Release|x64
		{5542541E-5367-4F33-9D9D-E6635A62D66B}.Release|x64.Build.0 = Release|x64
		{5542541E-5367-4F33-9D9D-E6635A62D66B}.Release|x86.ActiveCfg = Release|Win32
		{5542541E-5367-4F33-9D9D-E6635A62D66B}.Release|x86.Build.0 = Release|Win32
	EndGlobalSection
	GlobalSection(SolutionProperties) = preSolution
		HideSolutionNode = FALSE
	EndGlobalSection
	GlobalSection(ExtensibilityGlobals) = postSolution
		SolutionGuid = {414484A8-35A1-4BAC-B0B0-E8F78BBA6041}
	EndGlobalSection
EndGlobal
